
Microsoft Visual Studio Solution File, Format Version 12.00
Project("{FAE04EC0-301F-11D3-BF4B-00C04F79EFBC}") = "NexAI.Console", "NexAI.Console\NexAI.Console.csproj", "{3D5876C4-DF59-48F9-AB2C-CA3C571D1C3F}"
EndProject
Project("{2150E333-8FDC-42A3-9474-1A3956D46DE8}") = "_", "_", "{789FE3E4-67D1-467F-BADF-7AE04AD1968A}"
	ProjectSection(SolutionItems) = preProject
		.gitignore = .gitignore
		README.md = README.md
		docker-compose.yml = docker-compose.yml
	EndProjectSection
EndProject
Project("{FAE04EC0-301F-11D3-BF4B-00C04F79EFBC}") = "NexAI.DataImporter", "NexAI.DataImporter\NexAI.DataImporter.csproj", "{B87DDEE6-7F0F-40E4-B557-3E84604C256B}"
EndProject
Project("{FAE04EC0-301F-11D3-BF4B-00C04F79EFBC}") = "NexAI.Config", "NexAI.Config\NexAI.Config.csproj", "{0E9E27E6-01B9-45BE-9F85-0EEB3666A740}"
EndProject
Project("{FAE04EC0-301F-11D3-BF4B-00C04F79EFBC}") = "NexAI.Qdrant", "NexAI.Qdrant\NexAI.Qdrant.csproj", "{7B51E3C1-BAEA-4263-8518-078C6561720C}"
EndProject
Project("{FAE04EC0-301F-11D3-BF4B-00C04F79EFBC}") = "NexAI.Zendesk", "NexAI.Zendesk\NexAI.Zendesk.csproj", "{36F33806-5F5D-458B-8182-E313A90F0CA6}"
EndProject
Project("{FAE04EC0-301F-11D3-BF4B-00C04F79EFBC}") = "NexAI.MongoDb", "NexAI.MongoDb\NexAI.MongoDb.csproj", "{A62FB50E-241B-4912-B7D7-D114B557E2B8}"
EndProject
Project("{FAE04EC0-301F-11D3-BF4B-00C04F79EFBC}") = "NexAI.AzureDevOps", "NexAI.AzureDevOps\NexAI.AzureDevOps.csproj", "{5491715C-DA5E-4B77-A479-B8D9AC5D48B4}"
EndProject
Project("{FAE04EC0-301F-11D3-BF4B-00C04F79EFBC}") = "NexAI.LLMs", "NexAI.LLMs\NexAI.LLMs.csproj", "{845C423B-B35A-43FF-AFDF-C0D158F00918}"
EndProject
Global
	GlobalSection(SolutionConfigurationPlatforms) = preSolution
		Debug|Any CPU = Debug|Any CPU
		Release|Any CPU = Release|Any CPU
	EndGlobalSection
	GlobalSection(ProjectConfigurationPlatforms) = postSolution
		{3D5876C4-DF59-48F9-AB2C-CA3C571D1C3F}.Debug|Any CPU.ActiveCfg = Debug|Any CPU
		{3D5876C4-DF59-48F9-AB2C-CA3C571D1C3F}.Debug|Any CPU.Build.0 = Debug|Any CPU
		{3D5876C4-DF59-48F9-AB2C-CA3C571D1C3F}.Release|Any CPU.ActiveCfg = Release|Any CPU
		{3D5876C4-DF59-48F9-AB2C-CA3C571D1C3F}.Release|Any CPU.Build.0 = Release|Any CPU
		{B87DDEE6-7F0F-40E4-B557-3E84604C256B}.Debug|Any CPU.ActiveCfg = Debug|Any CPU
		{B87DDEE6-7F0F-40E4-B557-3E84604C256B}.Debug|Any CPU.Build.0 = Debug|Any CPU
		{B87DDEE6-7F0F-40E4-B557-3E84604C256B}.Release|Any CPU.ActiveCfg = Release|Any CPU
		{B87DDEE6-7F0F-40E4-B557-3E84604C256B}.Release|Any CPU.Build.0 = Release|Any CPU
		{0E9E27E6-01B9-45BE-9F85-0EEB3666A740}.Debug|Any CPU.ActiveCfg = Debug|Any CPU
		{0E9E27E6-01B9-45BE-9F85-0EEB3666A740}.Debug|Any CPU.Build.0 = Debug|Any CPU
		{0E9E27E6-01B9-45BE-9F85-0EEB3666A740}.Release|Any CPU.ActiveCfg = Release|Any CPU
		{0E9E27E6-01B9-45BE-9F85-0EEB3666A740}.Release|Any CPU.Build.0 = Release|Any CPU
		{7B51E3C1-BAEA-4263-8518-078C6561720C}.Debug|Any CPU.ActiveCfg = Debug|Any CPU
		{7B51E3C1-BAEA-4263-8518-078C6561720C}.Debug|Any CPU.Build.0 = Debug|Any CPU
		{7B51E3C1-BAEA-4263-8518-078C6561720C}.Release|Any CPU.ActiveCfg = Release|Any CPU
		{7B51E3C1-BAEA-4263-8518-078C6561720C}.Release|Any CPU.Build.0 = Release|Any CPU
		{36F33806-5F5D-458B-8182-E313A90F0CA6}.Debug|Any CPU.ActiveCfg = Debug|Any CPU
		{36F33806-5F5D-458B-8182-E313A90F0CA6}.Debug|Any CPU.Build.0 = Debug|Any CPU
		{36F33806-5F5D-458B-8182-E313A90F0CA6}.Release|Any CPU.ActiveCfg = Release|Any CPU
		{36F33806-5F5D-458B-8182-E313A90F0CA6}.Release|Any CPU.Build.0 = Release|Any CPU
		{A62FB50E-241B-4912-B7D7-D114B557E2B8}.Debug|Any CPU.ActiveCfg = Debug|Any CPU
		{A62FB50E-241B-4912-B7D7-D114B557E2B8}.Debug|Any CPU.Build.0 = Debug|Any CPU
		{A62FB50E-241B-4912-B7D7-D114B557E2B8}.Release|Any CPU.ActiveCfg = Release|Any CPU
		{A62FB50E-241B-4912-B7D7-D114B557E2B8}.Release|Any CPU.Build.0 = Release|Any CPU
		{5491715C-DA5E-4B77-A479-B8D9AC5D48B4}.Debug|Any CPU.ActiveCfg = Debug|Any CPU
		{5491715C-DA5E-4B77-A479-B8D9AC5D48B4}.Debug|Any CPU.Build.0 = Debug|Any CPU
		{5491715C-DA5E-4B77-A479-B8D9AC5D48B4}.Release|Any CPU.ActiveCfg = Release|Any CPU
		{5491715C-DA5E-4B77-A479-B8D9AC5D48B4}.Release|Any CPU.Build.0 = Release|Any CPU
		{845C423B-B35A-43FF-AFDF-C0D158F00918}.Debug|Any CPU.ActiveCfg = Debug|Any CPU
		{845C423B-B35A-43FF-AFDF-C0D158F00918}.Debug|Any CPU.Build.0 = Debug|Any CPU
		{845C423B-B35A-43FF-AFDF-C0D158F00918}.Release|Any CPU.ActiveCfg = Release|Any CPU
		{845C423B-B35A-43FF-AFDF-C0D158F00918}.Release|Any CPU.Build.0 = Release|Any CPU
	EndGlobalSection
EndGlobal
