<Solution>
  <Folder Name="/_/">
    <File Path=".gitignore" />
    <File Path="Directory.Build.props" />
    <File Path="docker-compose.yml" />
    <File Path="README.md" />
  </Folder>
  <Folder Name="/app/">
    <Project Path="NexAI.Api/NexAI.Api.csproj" />
    <Project Path="NexAI.Api.Tests/NexAI.Api.Tests.csproj" />
    <Project Path="NexAI.Console/NexAI.Console.csproj" />
    <Project Path="NexAI.DataImporter/NexAI.DataImporter.csproj" />
    <Project Path="NexAI.DataProcessor/NexAI.DataProcessor.csproj" />
    <Project Path="NexAI.MCP/NexAI.MCP.csproj" />
  </Folder>
  <Folder Name="/core/">
    <Project Path="NexAI.Agents/NexAI.Agents.csproj" />
    <Project Path="NexAI.AzureDevOps/NexAI.AzureDevOps.csproj" />
    <Project Path="NexAI.Config/NexAI.Config.csproj" />
    <Project Path="NexAI.Git.Messages/NexAI.Git.Messages.csproj" />
    <Project Path="NexAI.Git.Tests/NexAI.Git.Tests.csproj" />
    <Project Path="NexAI.Git/NexAI.Git.csproj" />
    <Project Path="NexAI.LLMs.Tests/NexAI.LLMs.Tests.csproj" />
    <Project Path="NexAI.LLMs/NexAI.LLMs.csproj" />
    <Project Path="NexAI.ServiceBus/NexAI.ServiceBus.csproj" />
    <Project Path="NexAI.Tests/NexAI.Tests.csproj" />
    <Project Path="NexAI.Zendesk.Messages/NexAI.Zendesk.Messages.csproj" />
    <Project Path="NexAI.Zendesk.Tests/NexAI.Zendesk.Tests.csproj" />
    <Project Path="NexAI.Zendesk/NexAI.Zendesk.csproj" />
  </Folder>
  <Folder Name="/data/">
    <Project Path="NexAI.Langfuse/NexAI.Langfuse.csproj" />
    <Project Path="NexAI.MongoDb/NexAI.MongoDb.csproj" />
    <Project Path="NexAI.Neo4j/NexAI.Neo4j.csproj" />
    <Project Path="NexAI.Qdrant/NexAI.Qdrant.csproj" />
  </Folder>
</Solution>
